
Microsoft Visual Studio Solution File, Format Version 12.00
# Visual Studio 14
VisualStudioVersion = 14.0.25123.0
MinimumVisualStudioVersion = 10.0.40219.1
Project("{FAE04EC0-301F-11D3-BF4B-00C04F79EFBC}") = "KonachanSharp", "KonachanSharp\KonachanSharp.csproj", "{D17C2137-C66A-464A-90BD-4597163A42B9}"
EndProject
Project("{FAE04EC0-301F-11D3-BF4B-00C04F79EFBC}") = "TestApp", "TestApp\TestApp.csproj", "{C28F1FFC-39D1-4512-8B1F-780108917719}"
EndProject
Global
	GlobalSection(SolutionConfigurationPlatforms) = preSolution
		Debug|Any CPU = Debug|Any CPU
		Release|Any CPU = Release|Any CPU
	EndGlobalSection
	GlobalSection(ProjectConfigurationPlatforms) = postSolution
		{D17C2137-C66A-464A-90BD-4597163A42B9}.Debug|Any CPU.ActiveCfg = Debug|Any CPU
		{D17C2137-C66A-464A-90BD-4597163A42B9}.Debug|Any CPU.Build.0 = Debug|Any CPU
		{D17C2137-C66A-464A-90BD-4597163A42B9}.Release|Any CPU.ActiveCfg = Release|Any CPU
		{D17C2137-C66A-464A-90BD-4597163A42B9}.Release|Any CPU.Build.0 = Release|Any CPU
		{C28F1FFC-39D1-4512-8B1F-780108917719}.Debug|Any CPU.ActiveCfg = Debug|Any CPU
		{C28F1FFC-39D1-4512-8B1F-780108917719}.Debug|Any CPU.Build.0 = Debug|Any CPU
		{C28F1FFC-39D1-4512-8B1F-780108917719}.Release|Any CPU.ActiveCfg = Release|Any CPU
		{C28F1FFC-39D1-4512-8B1F-780108917719}.Release|Any CPU.Build.0 = Release|Any CPU
	EndGlobalSection
	GlobalSection(SolutionProperties) = preSolution
		HideSolutionNode = FALSE
	EndGlobalSection
EndGlobal
